
Microsoft Visual Studio Solution File, Format Version 10.00
# Visual Studio 2008
Project("{FAE04EC0-301F-11D3-BF4B-00C04F79EFBC}") = "Tiling", "Tiling\Tiling.csproj", "{BFBC7ED1-1783-4A9E-9551-3A5040A6D6BB}"
EndProject
Project("{FAE04EC0-301F-11D3-BF4B-00C04F79EFBC}") = "TileMapEditor", "TileMapEditor\TileMapEditor.csproj", "{23DDF477-C651-46E1-A856-46BA1D64FC6B}"
EndProject
Project("{FAE04EC0-301F-11D3-BF4B-00C04F79EFBC}") = "TestPlugin", "TestPlugin\TestPlugin.csproj", "{BF90ABC8-A2A6-4240-9DE4-CD6C1E81934D}"
EndProject
Project("{FAE04EC0-301F-11D3-BF4B-00C04F79EFBC}") = "Plugin", "Plugin\Plugin.csproj", "{2787F0CD-8BFD-4696-AAAA-629452D05A21}"
EndProject
Project("{2150E333-8FDC-42A3-9474-1A3956D46DE8}") = "Assets", "Assets", "{5A92BF55-75D9-42FE-9A3D-F44B77F2CF77}"
EndProject
Project("{2150E333-8FDC-42A3-9474-1A3956D46DE8}") = "TileSheets", "TileSheets", "{FAC8407A-A75A-44EC-8ADB-5D4E46372CF5}"
	ProjectSection(SolutionItems) = preProject
		Assets\TileSheets\Background.pdn = Assets\TileSheets\Background.pdn
		Assets\TileSheets\Background01.png = Assets\TileSheets\Background01.png
		Assets\TileSheets\Background02.png = Assets\TileSheets\Background02.png
		Assets\TileSheets\Background03.png = Assets\TileSheets\Background03.png
		Assets\TileSheets\TileSheet01.pdn = Assets\TileSheets\TileSheet01.pdn
		Assets\TileSheets\TileSheet01.png = Assets\TileSheets\TileSheet01.png
	EndProjectSection
EndProject
Project("{2150E333-8FDC-42A3-9474-1A3956D46DE8}") = "Maps", "Maps", "{961826DA-DCD8-4117-92D0-272E551B87F0}"
	ProjectSection(SolutionItems) = preProject
		Assets\Maps\Map01.tide = Assets\Maps\Map01.tide
	EndProjectSection
EndProject
Global
	GlobalSection(TeamFoundationVersionControl) = preSolution
		SccNumberOfProjects = 5
		SccEnterpriseProvider = {4CA58AB2-18FA-4F8D-95D4-32DDF27D184C}
		SccTeamFoundationServer = https://tfs04.codeplex.com/
		SccLocalPath0 = .
		SccProjectUniqueName1 = TileMapEditor\\TileMapEditor.csproj
		SccProjectName1 = TileMapEditor
		SccLocalPath1 = TileMapEditor
		SccProjectUniqueName2 = Tiling\\Tiling.csproj
		SccProjectName2 = Tiling
		SccLocalPath2 = Tiling
		SccProjectUniqueName3 = TestPlugin\\TestPlugin.csproj
		SccProjectName3 = TestPlugin
		SccLocalPath3 = TestPlugin
		SccProjectUniqueName4 = Plugin\\Plugin.csproj
		SccProjectName4 = Plugin
		SccLocalPath4 = Plugin
	EndGlobalSection
	GlobalSection(SolutionConfigurationPlatforms) = preSolution
		Debug|Any CPU = Debug|Any CPU
		Release|Any CPU = Release|Any CPU
	EndGlobalSection
	GlobalSection(ProjectConfigurationPlatforms) = postSolution
		{BFBC7ED1-1783-4A9E-9551-3A5040A6D6BB}.Debug|Any CPU.ActiveCfg = Debug|Any CPU
		{BFBC7ED1-1783-4A9E-9551-3A5040A6D6BB}.Debug|Any CPU.Build.0 = Debug|Any CPU
		{BFBC7ED1-1783-4A9E-9551-3A5040A6D6BB}.Release|Any CPU.ActiveCfg = Release|Any CPU
		{BFBC7ED1-1783-4A9E-9551-3A5040A6D6BB}.Release|Any CPU.Build.0 = Release|Any CPU
		{23DDF477-C651-46E1-A856-46BA1D64FC6B}.Debug|Any CPU.ActiveCfg = Debug|Any CPU
		{23DDF477-C651-46E1-A856-46BA1D64FC6B}.Debug|Any CPU.Build.0 = Debug|Any CPU
		{23DDF477-C651-46E1-A856-46BA1D64FC6B}.Release|Any CPU.ActiveCfg = Release|Any CPU
		{23DDF477-C651-46E1-A856-46BA1D64FC6B}.Release|Any CPU.Build.0 = Release|Any CPU
		{BF90ABC8-A2A6-4240-9DE4-CD6C1E81934D}.Debug|Any CPU.ActiveCfg = Debug|Any CPU
		{BF90ABC8-A2A6-4240-9DE4-CD6C1E81934D}.Debug|Any CPU.Build.0 = Debug|Any CPU
		{BF90ABC8-A2A6-4240-9DE4-CD6C1E81934D}.Release|Any CPU.ActiveCfg = Release|Any CPU
		{BF90ABC8-A2A6-4240-9DE4-CD6C1E81934D}.Release|Any CPU.Build.0 = Release|Any CPU
		{2787F0CD-8BFD-4696-AAAA-629452D05A21}.Debug|Any CPU.ActiveCfg = Debug|Any CPU
		{2787F0CD-8BFD-4696-AAAA-629452D05A21}.Debug|Any CPU.Build.0 = Debug|Any CPU
		{2787F0CD-8BFD-4696-AAAA-629452D05A21}.Release|Any CPU.ActiveCfg = Release|Any CPU
		{2787F0CD-8BFD-4696-AAAA-629452D05A21}.Release|Any CPU.Build.0 = Release|Any CPU
	EndGlobalSection
	GlobalSection(SolutionProperties) = preSolution
		HideSolutionNode = FALSE
	EndGlobalSection
	GlobalSection(NestedProjects) = preSolution
		{FAC8407A-A75A-44EC-8ADB-5D4E46372CF5} = {5A92BF55-75D9-42FE-9A3D-F44B77F2CF77}
		{961826DA-DCD8-4117-92D0-272E551B87F0} = {5A92BF55-75D9-42FE-9A3D-F44B77F2CF77}
	EndGlobalSection
EndGlobal
