
Microsoft Visual Studio Solution File, Format Version 10.00
# Visual Studio 2008
Project("{FAE04EC0-301F-11D3-BF4B-00C04F79EFBC}") = "TestPlugin", "TestPlugin\TestPlugin.csproj", "{BF90ABC8-A2A6-4240-9DE4-CD6C1E81934D}"
EndProject
Project("{FAE04EC0-301F-11D3-BF4B-00C04F79EFBC}") = "Plugin", "Plugin\Plugin.csproj", "{2787F0CD-8BFD-4696-AAAA-629452D05A21}"
EndProject
Project("{2150E333-8FDC-42A3-9474-1A3956D46DE8}") = "Assets", "Assets", "{5A92BF55-75D9-42FE-9A3D-F44B77F2CF77}"
EndProject
Project("{2150E333-8FDC-42A3-9474-1A3956D46DE8}") = "TileSheets", "TileSheets", "{FAC8407A-A75A-44EC-8ADB-5D4E46372CF5}"
	ProjectSection(SolutionItems) = preProject
		Assets\TileSheets\AutoTiles01.png = Assets\TileSheets\AutoTiles01.png
		Assets\TileSheets\Background.pdn = Assets\TileSheets\Background.pdn
		Assets\TileSheets\Background01.png = Assets\TileSheets\Background01.png
		Assets\TileSheets\Background02.png = Assets\TileSheets\Background02.png
		Assets\TileSheets\Background03.png = Assets\TileSheets\Background03.png
		Assets\TileSheets\TileSheet01.pdn = Assets\TileSheets\TileSheet01.pdn
		Assets\TileSheets\TileSheet01.png = Assets\TileSheets\TileSheet01.png
	EndProjectSection
EndProject
Project("{2150E333-8FDC-42A3-9474-1A3956D46DE8}") = "Maps", "Maps", "{961826DA-DCD8-4117-92D0-272E551B87F0}"
	ProjectSection(SolutionItems) = preProject
		Assets\Maps\Map01.tide = Assets\Maps\Map01.tide
		Assets\Maps\Map02.tide = Assets\Maps\Map02.tide
	EndProjectSection
EndProject
Project("{FAE04EC0-301F-11D3-BF4B-00C04F79EFBC}") = "xTilePC", "XTile\xTilePC.csproj", "{BF19F9E2-FD54-4B63-AF67-DA49B5EA11D9}"
EndProject
Project("{FAE04EC0-301F-11D3-BF4B-00C04F79EFBC}") = "xTile360", "XTile\xTile360.csproj", "{3EBDA05D-CADD-48C6-8B59-249E79573A5F}"
EndProject
Project("{FAE04EC0-301F-11D3-BF4B-00C04F79EFBC}") = "xTileZune", "XTile\xTileZune.csproj", "{3DD00FEE-15F6-425E-80D8-F78B562EF607}"
EndProject
Project("{FAE04EC0-301F-11D3-BF4B-00C04F79EFBC}") = "tIDE", "tIDE\tIDE.csproj", "{23DDF477-C651-46E1-A856-46BA1D64FC6B}"
EndProject
Project("{54435603-DBB4-11D2-8724-00A0C9A8B90C}") = "tIDESetup", "tIDESetup\tIDESetup.vdproj", "{68BB36BC-48BA-4F91-AD63-0CFD660CC09C}"
EndProject
Project("{FAE04EC0-301F-11D3-BF4B-00C04F79EFBC}") = "xTilePipeline", "xTilePipeline\xTilePipeline.csproj", "{5BAD950D-BC43-4264-83AE-78A9FCBDA27F}"
EndProject
Project("{FAE04EC0-301F-11D3-BF4B-00C04F79EFBC}") = "DemoPC", "Demo\DemoPC.csproj", "{932A73EF-2DC9-4404-8C3B-82DE3C2FE93C}"
EndProject
Project("{FAE04EC0-301F-11D3-BF4B-00C04F79EFBC}") = "Demo360", "Demo\Demo360.csproj", "{1CEC6C4C-B7EC-4678-9606-4E34E08371FC}"
EndProject
Project("{FAE04EC0-301F-11D3-BF4B-00C04F79EFBC}") = "DemoZune", "Demo\DemoZune.csproj", "{8AC82B40-EA25-4DC4-A7A3-369D8E1C3F43}"
EndProject
Global
	GlobalSection(TeamFoundationVersionControl) = preSolution
		SccNumberOfProjects = 14
		SccEnterpriseProvider = {4CA58AB2-18FA-4F8D-95D4-32DDF27D184C}
		SccTeamFoundationServer = https://tfs.codeplex.com/tfs/TFS04
		SccLocalPath0 = .
		SccProjectUniqueName1 = TestPlugin\\TestPlugin.csproj
		SccProjectName1 = TestPlugin
		SccLocalPath1 = TestPlugin
		SccProjectUniqueName2 = Plugin\\Plugin.csproj
		SccProjectName2 = Plugin
		SccLocalPath2 = Plugin
		SccProjectUniqueName3 = XTile\\xTilePC.csproj
		SccProjectName3 = XTile
		SccLocalPath3 = XTile
		SccProjectUniqueName4 = XTile\\xTile360.csproj
		SccProjectName4 = XTile
		SccLocalPath4 = XTile
		SccProjectUniqueName5 = XTile\\Content\\Content.contentproj
		SccProjectTopLevelParentUniqueName5 = XTile\\xTilePC.csproj
		SccProjectName5 = XTile/Content
		SccLocalPath5 = XTile\\Content
		SccProjectUniqueName6 = XTile\\xTileZune.csproj
		SccProjectName6 = XTile
		SccLocalPath6 = XTile
		SccProjectUniqueName7 = tIDE\\tIDE.csproj
		SccProjectName7 = tIDE
		SccLocalPath7 = tIDE
		SccProjectUniqueName8 = tIDESetup\\tIDESetup.vdproj
		SccProjectName8 = tIDESetup
		SccLocalPath8 = tIDESetup
		SccProjectUniqueName9 = xTilePipeline\\xTilePipeline.csproj
		SccProjectName9 = xTilePipeline
		SccLocalPath9 = xTilePipeline
		SccProjectUniqueName10 = Demo\\DemoPC.csproj
		SccProjectName10 = Demo
		SccLocalPath10 = Demo
		SccProjectUniqueName11 = Demo\\Demo360.csproj
		SccProjectName11 = Demo
		SccLocalPath11 = Demo
		SccProjectUniqueName12 = Demo\\DemoZune.csproj
		SccProjectName12 = Demo
		SccLocalPath12 = Demo
		SccProjectUniqueName13 = Demo\\Content\\Content.contentproj
		SccProjectTopLevelParentUniqueName13 = Demo\\DemoPC.csproj
		SccProjectName13 = Demo/Content
		SccLocalPath13 = Demo\\Content
	EndGlobalSection
	GlobalSection(SolutionConfigurationPlatforms) = preSolution
		Debug|Any CPU = Debug|Any CPU
		Debug|Mixed Platforms = Debug|Mixed Platforms
		Debug|x86 = Debug|x86
		Debug|Xbox 360 = Debug|Xbox 360
		Debug|Zune = Debug|Zune
		Release|Any CPU = Release|Any CPU
		Release|Mixed Platforms = Release|Mixed Platforms
		Release|x86 = Release|x86
		Release|Xbox 360 = Release|Xbox 360
		Release|Zune = Release|Zune
	EndGlobalSection
	GlobalSection(ProjectConfigurationPlatforms) = postSolution
		{BF90ABC8-A2A6-4240-9DE4-CD6C1E81934D}.Debug|Any CPU.ActiveCfg = Debug|Any CPU
		{BF90ABC8-A2A6-4240-9DE4-CD6C1E81934D}.Debug|Any CPU.Build.0 = Debug|Any CPU
		{BF90ABC8-A2A6-4240-9DE4-CD6C1E81934D}.Debug|Mixed Platforms.ActiveCfg = Debug|Any CPU
		{BF90ABC8-A2A6-4240-9DE4-CD6C1E81934D}.Debug|Mixed Platforms.Build.0 = Debug|Any CPU
		{BF90ABC8-A2A6-4240-9DE4-CD6C1E81934D}.Debug|x86.ActiveCfg = Debug|Any CPU
		{BF90ABC8-A2A6-4240-9DE4-CD6C1E81934D}.Debug|Xbox 360.ActiveCfg = Debug|Any CPU
		{BF90ABC8-A2A6-4240-9DE4-CD6C1E81934D}.Debug|Zune.ActiveCfg = Debug|Any CPU
		{BF90ABC8-A2A6-4240-9DE4-CD6C1E81934D}.Release|Any CPU.ActiveCfg = Release|Any CPU
		{BF90ABC8-A2A6-4240-9DE4-CD6C1E81934D}.Release|Any CPU.Build.0 = Release|Any CPU
		{BF90ABC8-A2A6-4240-9DE4-CD6C1E81934D}.Release|Mixed Platforms.ActiveCfg = Release|Any CPU
		{BF90ABC8-A2A6-4240-9DE4-CD6C1E81934D}.Release|Mixed Platforms.Build.0 = Release|Any CPU
		{BF90ABC8-A2A6-4240-9DE4-CD6C1E81934D}.Release|x86.ActiveCfg = Release|Any CPU
		{BF90ABC8-A2A6-4240-9DE4-CD6C1E81934D}.Release|Xbox 360.ActiveCfg = Release|Any CPU
		{BF90ABC8-A2A6-4240-9DE4-CD6C1E81934D}.Release|Zune.ActiveCfg = Release|Any CPU
		{2787F0CD-8BFD-4696-AAAA-629452D05A21}.Debug|Any CPU.ActiveCfg = Debug|Any CPU
		{2787F0CD-8BFD-4696-AAAA-629452D05A21}.Debug|Any CPU.Build.0 = Debug|Any CPU
		{2787F0CD-8BFD-4696-AAAA-629452D05A21}.Debug|Mixed Platforms.ActiveCfg = Debug|Any CPU
		{2787F0CD-8BFD-4696-AAAA-629452D05A21}.Debug|Mixed Platforms.Build.0 = Debug|Any CPU
		{2787F0CD-8BFD-4696-AAAA-629452D05A21}.Debug|x86.ActiveCfg = Debug|Any CPU
		{2787F0CD-8BFD-4696-AAAA-629452D05A21}.Debug|Xbox 360.ActiveCfg = Debug|Any CPU
		{2787F0CD-8BFD-4696-AAAA-629452D05A21}.Debug|Zune.ActiveCfg = Debug|Any CPU
		{2787F0CD-8BFD-4696-AAAA-629452D05A21}.Release|Any CPU.ActiveCfg = Release|Any CPU
		{2787F0CD-8BFD-4696-AAAA-629452D05A21}.Release|Any CPU.Build.0 = Release|Any CPU
		{2787F0CD-8BFD-4696-AAAA-629452D05A21}.Release|Mixed Platforms.ActiveCfg = Release|Any CPU
		{2787F0CD-8BFD-4696-AAAA-629452D05A21}.Release|Mixed Platforms.Build.0 = Release|Any CPU
		{2787F0CD-8BFD-4696-AAAA-629452D05A21}.Release|x86.ActiveCfg = Release|Any CPU
		{2787F0CD-8BFD-4696-AAAA-629452D05A21}.Release|Xbox 360.ActiveCfg = Release|Any CPU
		{2787F0CD-8BFD-4696-AAAA-629452D05A21}.Release|Zune.ActiveCfg = Release|Any CPU
		{BF19F9E2-FD54-4B63-AF67-DA49B5EA11D9}.Debug|Any CPU.ActiveCfg = Debug|x86
		{BF19F9E2-FD54-4B63-AF67-DA49B5EA11D9}.Debug|Mixed Platforms.ActiveCfg = Debug|x86
		{BF19F9E2-FD54-4B63-AF67-DA49B5EA11D9}.Debug|Mixed Platforms.Build.0 = Debug|x86
		{BF19F9E2-FD54-4B63-AF67-DA49B5EA11D9}.Debug|x86.ActiveCfg = Debug|x86
		{BF19F9E2-FD54-4B63-AF67-DA49B5EA11D9}.Debug|x86.Build.0 = Debug|x86
		{BF19F9E2-FD54-4B63-AF67-DA49B5EA11D9}.Debug|Xbox 360.ActiveCfg = Debug|x86
		{BF19F9E2-FD54-4B63-AF67-DA49B5EA11D9}.Debug|Zune.ActiveCfg = Debug|x86
		{BF19F9E2-FD54-4B63-AF67-DA49B5EA11D9}.Release|Any CPU.ActiveCfg = Release|x86
		{BF19F9E2-FD54-4B63-AF67-DA49B5EA11D9}.Release|Mixed Platforms.ActiveCfg = Release|x86
		{BF19F9E2-FD54-4B63-AF67-DA49B5EA11D9}.Release|Mixed Platforms.Build.0 = Release|x86
		{BF19F9E2-FD54-4B63-AF67-DA49B5EA11D9}.Release|x86.ActiveCfg = Release|x86
		{BF19F9E2-FD54-4B63-AF67-DA49B5EA11D9}.Release|x86.Build.0 = Release|x86
		{BF19F9E2-FD54-4B63-AF67-DA49B5EA11D9}.Release|Xbox 360.ActiveCfg = Release|x86
		{BF19F9E2-FD54-4B63-AF67-DA49B5EA11D9}.Release|Zune.ActiveCfg = Release|x86
		{3EBDA05D-CADD-48C6-8B59-249E79573A5F}.Debug|Any CPU.ActiveCfg = Debug|Xbox 360
		{3EBDA05D-CADD-48C6-8B59-249E79573A5F}.Debug|Mixed Platforms.ActiveCfg = Debug|Xbox 360
		{3EBDA05D-CADD-48C6-8B59-249E79573A5F}.Debug|Mixed Platforms.Build.0 = Debug|Xbox 360
		{3EBDA05D-CADD-48C6-8B59-249E79573A5F}.Debug|x86.ActiveCfg = Debug|Xbox 360
		{3EBDA05D-CADD-48C6-8B59-249E79573A5F}.Debug|Xbox 360.ActiveCfg = Debug|Xbox 360
		{3EBDA05D-CADD-48C6-8B59-249E79573A5F}.Debug|Xbox 360.Build.0 = Debug|Xbox 360
		{3EBDA05D-CADD-48C6-8B59-249E79573A5F}.Debug|Zune.ActiveCfg = Debug|Xbox 360
		{3EBDA05D-CADD-48C6-8B59-249E79573A5F}.Release|Any CPU.ActiveCfg = Release|Xbox 360
		{3EBDA05D-CADD-48C6-8B59-249E79573A5F}.Release|Mixed Platforms.ActiveCfg = Release|Xbox 360
		{3EBDA05D-CADD-48C6-8B59-249E79573A5F}.Release|Mixed Platforms.Build.0 = Release|Xbox 360
		{3EBDA05D-CADD-48C6-8B59-249E79573A5F}.Release|x86.ActiveCfg = Release|Xbox 360
		{3EBDA05D-CADD-48C6-8B59-249E79573A5F}.Release|Xbox 360.ActiveCfg = Release|Xbox 360
		{3EBDA05D-CADD-48C6-8B59-249E79573A5F}.Release|Xbox 360.Build.0 = Release|Xbox 360
		{3EBDA05D-CADD-48C6-8B59-249E79573A5F}.Release|Zune.ActiveCfg = Release|Xbox 360
		{3DD00FEE-15F6-425E-80D8-F78B562EF607}.Debug|Any CPU.ActiveCfg = Debug|Zune
		{3DD00FEE-15F6-425E-80D8-F78B562EF607}.Debug|Mixed Platforms.ActiveCfg = Debug|Zune
		{3DD00FEE-15F6-425E-80D8-F78B562EF607}.Debug|Mixed Platforms.Build.0 = Debug|Zune
		{3DD00FEE-15F6-425E-80D8-F78B562EF607}.Debug|x86.ActiveCfg = Debug|Zune
		{3DD00FEE-15F6-425E-80D8-F78B562EF607}.Debug|Xbox 360.ActiveCfg = Debug|Zune
		{3DD00FEE-15F6-425E-80D8-F78B562EF607}.Debug|Zune.ActiveCfg = Debug|Zune
		{3DD00FEE-15F6-425E-80D8-F78B562EF607}.Debug|Zune.Build.0 = Debug|Zune
		{3DD00FEE-15F6-425E-80D8-F78B562EF607}.Release|Any CPU.ActiveCfg = Release|Zune
		{3DD00FEE-15F6-425E-80D8-F78B562EF607}.Release|Mixed Platforms.ActiveCfg = Release|Zune
		{3DD00FEE-15F6-425E-80D8-F78B562EF607}.Release|Mixed Platforms.Build.0 = Release|Zune
		{3DD00FEE-15F6-425E-80D8-F78B562EF607}.Release|x86.ActiveCfg = Release|Zune
		{3DD00FEE-15F6-425E-80D8-F78B562EF607}.Release|Xbox 360.ActiveCfg = Release|Zune
		{3DD00FEE-15F6-425E-80D8-F78B562EF607}.Release|Zune.ActiveCfg = Release|Zune
		{3DD00FEE-15F6-425E-80D8-F78B562EF607}.Release|Zune.Build.0 = Release|Zune
		{23DDF477-C651-46E1-A856-46BA1D64FC6B}.Debug|Any CPU.ActiveCfg = Debug|Any CPU
		{23DDF477-C651-46E1-A856-46BA1D64FC6B}.Debug|Any CPU.Build.0 = Debug|Any CPU
		{23DDF477-C651-46E1-A856-46BA1D64FC6B}.Debug|Mixed Platforms.ActiveCfg = Debug|Any CPU
		{23DDF477-C651-46E1-A856-46BA1D64FC6B}.Debug|Mixed Platforms.Build.0 = Debug|Any CPU
		{23DDF477-C651-46E1-A856-46BA1D64FC6B}.Debug|x86.ActiveCfg = Debug|Any CPU
		{23DDF477-C651-46E1-A856-46BA1D64FC6B}.Debug|Xbox 360.ActiveCfg = Debug|Any CPU
		{23DDF477-C651-46E1-A856-46BA1D64FC6B}.Debug|Zune.ActiveCfg = Debug|Any CPU
		{23DDF477-C651-46E1-A856-46BA1D64FC6B}.Release|Any CPU.ActiveCfg = Release|Any CPU
		{23DDF477-C651-46E1-A856-46BA1D64FC6B}.Release|Any CPU.Build.0 = Release|Any CPU
		{23DDF477-C651-46E1-A856-46BA1D64FC6B}.Release|Mixed Platforms.ActiveCfg = Release|Any CPU
		{23DDF477-C651-46E1-A856-46BA1D64FC6B}.Release|Mixed Platforms.Build.0 = Release|Any CPU
		{23DDF477-C651-46E1-A856-46BA1D64FC6B}.Release|x86.ActiveCfg = Release|Any CPU
		{23DDF477-C651-46E1-A856-46BA1D64FC6B}.Release|Xbox 360.ActiveCfg = Release|Any CPU
		{23DDF477-C651-46E1-A856-46BA1D64FC6B}.Release|Zune.ActiveCfg = Release|Any CPU
		{68BB36BC-48BA-4F91-AD63-0CFD660CC09C}.Debug|Any CPU.ActiveCfg = Debug
		{68BB36BC-48BA-4F91-AD63-0CFD660CC09C}.Debug|Mixed Platforms.ActiveCfg = Debug
		{68BB36BC-48BA-4F91-AD63-0CFD660CC09C}.Debug|x86.ActiveCfg = Debug
		{68BB36BC-48BA-4F91-AD63-0CFD660CC09C}.Debug|Xbox 360.ActiveCfg = Debug
		{68BB36BC-48BA-4F91-AD63-0CFD660CC09C}.Debug|Zune.ActiveCfg = Debug
		{68BB36BC-48BA-4F91-AD63-0CFD660CC09C}.Release|Any CPU.ActiveCfg = Release
		{68BB36BC-48BA-4F91-AD63-0CFD660CC09C}.Release|Mixed Platforms.ActiveCfg = Release
		{68BB36BC-48BA-4F91-AD63-0CFD660CC09C}.Release|x86.ActiveCfg = Release
		{68BB36BC-48BA-4F91-AD63-0CFD660CC09C}.Release|Xbox 360.ActiveCfg = Release
		{68BB36BC-48BA-4F91-AD63-0CFD660CC09C}.Release|Zune.ActiveCfg = Release
		{5BAD950D-BC43-4264-83AE-78A9FCBDA27F}.Debug|Any CPU.ActiveCfg = Debug|Zune
		{5BAD950D-BC43-4264-83AE-78A9FCBDA27F}.Debug|Mixed Platforms.ActiveCfg = Debug|Zune
		{5BAD950D-BC43-4264-83AE-78A9FCBDA27F}.Debug|Mixed Platforms.Build.0 = Debug|Zune
		{5BAD950D-BC43-4264-83AE-78A9FCBDA27F}.Debug|x86.ActiveCfg = Debug|x86
		{5BAD950D-BC43-4264-83AE-78A9FCBDA27F}.Debug|x86.Build.0 = Debug|x86
		{5BAD950D-BC43-4264-83AE-78A9FCBDA27F}.Debug|Xbox 360.ActiveCfg = Debug|Xbox 360
		{5BAD950D-BC43-4264-83AE-78A9FCBDA27F}.Debug|Xbox 360.Build.0 = Debug|Xbox 360
		{5BAD950D-BC43-4264-83AE-78A9FCBDA27F}.Debug|Zune.ActiveCfg = Debug|Zune
		{5BAD950D-BC43-4264-83AE-78A9FCBDA27F}.Debug|Zune.Build.0 = Debug|Zune
		{5BAD950D-BC43-4264-83AE-78A9FCBDA27F}.Release|Any CPU.ActiveCfg = Release|Zune
		{5BAD950D-BC43-4264-83AE-78A9FCBDA27F}.Release|Mixed Platforms.ActiveCfg = Release|Zune
		{5BAD950D-BC43-4264-83AE-78A9FCBDA27F}.Release|Mixed Platforms.Build.0 = Release|Zune
		{5BAD950D-BC43-4264-83AE-78A9FCBDA27F}.Release|x86.ActiveCfg = Release|x86
		{5BAD950D-BC43-4264-83AE-78A9FCBDA27F}.Release|x86.Build.0 = Release|x86
		{5BAD950D-BC43-4264-83AE-78A9FCBDA27F}.Release|Xbox 360.ActiveCfg = Release|Xbox 360
		{5BAD950D-BC43-4264-83AE-78A9FCBDA27F}.Release|Xbox 360.Build.0 = Release|Xbox 360
		{5BAD950D-BC43-4264-83AE-78A9FCBDA27F}.Release|Zune.ActiveCfg = Release|Zune
		{5BAD950D-BC43-4264-83AE-78A9FCBDA27F}.Release|Zune.Build.0 = Release|Zune
		{932A73EF-2DC9-4404-8C3B-82DE3C2FE93C}.Debug|Any CPU.ActiveCfg = Debug|x86
		{932A73EF-2DC9-4404-8C3B-82DE3C2FE93C}.Debug|Mixed Platforms.ActiveCfg = Debug|x86
		{932A73EF-2DC9-4404-8C3B-82DE3C2FE93C}.Debug|Mixed Platforms.Build.0 = Debug|x86
		{932A73EF-2DC9-4404-8C3B-82DE3C2FE93C}.Debug|x86.ActiveCfg = Debug|x86
		{932A73EF-2DC9-4404-8C3B-82DE3C2FE93C}.Debug|x86.Build.0 = Debug|x86
		{932A73EF-2DC9-4404-8C3B-82DE3C2FE93C}.Debug|Xbox 360.ActiveCfg = Debug|x86
		{932A73EF-2DC9-4404-8C3B-82DE3C2FE93C}.Debug|Zune.ActiveCfg = Debug|x86
		{932A73EF-2DC9-4404-8C3B-82DE3C2FE93C}.Release|Any CPU.ActiveCfg = Release|x86
		{932A73EF-2DC9-4404-8C3B-82DE3C2FE93C}.Release|Mixed Platforms.ActiveCfg = Release|x86
		{932A73EF-2DC9-4404-8C3B-82DE3C2FE93C}.Release|Mixed Platforms.Build.0 = Release|x86
		{932A73EF-2DC9-4404-8C3B-82DE3C2FE93C}.Release|x86.ActiveCfg = Release|x86
		{932A73EF-2DC9-4404-8C3B-82DE3C2FE93C}.Release|x86.Build.0 = Release|x86
		{932A73EF-2DC9-4404-8C3B-82DE3C2FE93C}.Release|Xbox 360.ActiveCfg = Release|x86
		{932A73EF-2DC9-4404-8C3B-82DE3C2FE93C}.Release|Zune.ActiveCfg = Release|x86
		{1CEC6C4C-B7EC-4678-9606-4E34E08371FC}.Debug|Any CPU.ActiveCfg = Debug|Xbox 360
		{1CEC6C4C-B7EC-4678-9606-4E34E08371FC}.Debug|Mixed Platforms.ActiveCfg = Debug|Xbox 360
		{1CEC6C4C-B7EC-4678-9606-4E34E08371FC}.Debug|Mixed Platforms.Build.0 = Debug|Xbox 360
		{1CEC6C4C-B7EC-4678-9606-4E34E08371FC}.Debug|Mixed Platforms.Deploy.0 = Debug|Xbox 360
		{1CEC6C4C-B7EC-4678-9606-4E34E08371FC}.Debug|x86.ActiveCfg = Debug|Xbox 360
		{1CEC6C4C-B7EC-4678-9606-4E34E08371FC}.Debug|Xbox 360.ActiveCfg = Debug|Xbox 360
		{1CEC6C4C-B7EC-4678-9606-4E34E08371FC}.Debug|Xbox 360.Build.0 = Debug|Xbox 360
		{1CEC6C4C-B7EC-4678-9606-4E34E08371FC}.Debug|Xbox 360.Deploy.0 = Debug|Xbox 360
		{1CEC6C4C-B7EC-4678-9606-4E34E08371FC}.Debug|Zune.ActiveCfg = Debug|Xbox 360
		{1CEC6C4C-B7EC-4678-9606-4E34E08371FC}.Release|Any CPU.ActiveCfg = Release|Xbox 360
		{1CEC6C4C-B7EC-4678-9606-4E34E08371FC}.Release|Mixed Platforms.ActiveCfg = Release|Xbox 360
		{1CEC6C4C-B7EC-4678-9606-4E34E08371FC}.Release|Mixed Platforms.Build.0 = Release|Xbox 360
		{1CEC6C4C-B7EC-4678-9606-4E34E08371FC}.Release|Mixed Platforms.Deploy.0 = Release|Xbox 360
		{1CEC6C4C-B7EC-4678-9606-4E34E08371FC}.Release|x86.ActiveCfg = Release|Xbox 360
		{1CEC6C4C-B7EC-4678-9606-4E34E08371FC}.Release|Xbox 360.ActiveCfg = Release|Xbox 360
		{1CEC6C4C-B7EC-4678-9606-4E34E08371FC}.Release|Xbox 360.Build.0 = Release|Xbox 360
		{1CEC6C4C-B7EC-4678-9606-4E34E08371FC}.Release|Xbox 360.Deploy.0 = Release|Xbox 360
		{1CEC6C4C-B7EC-4678-9606-4E34E08371FC}.Release|Zune.ActiveCfg = Release|Xbox 360
		{8AC82B40-EA25-4DC4-A7A3-369D8E1C3F43}.Debug|Any CPU.ActiveCfg = Debug|Zune
		{8AC82B40-EA25-4DC4-A7A3-369D8E1C3F43}.Debug|Mixed Platforms.ActiveCfg = Debug|Zune
		{8AC82B40-EA25-4DC4-A7A3-369D8E1C3F43}.Debug|Mixed Platforms.Build.0 = Debug|Zune
		{8AC82B40-EA25-4DC4-A7A3-369D8E1C3F43}.Debug|Mixed Platforms.Deploy.0 = Debug|Zune
		{8AC82B40-EA25-4DC4-A7A3-369D8E1C3F43}.Debug|x86.ActiveCfg = Debug|Zune
		{8AC82B40-EA25-4DC4-A7A3-369D8E1C3F43}.Debug|Xbox 360.ActiveCfg = Debug|Zune
		{8AC82B40-EA25-4DC4-A7A3-369D8E1C3F43}.Debug|Zune.ActiveCfg = Debug|Zune
		{8AC82B40-EA25-4DC4-A7A3-369D8E1C3F43}.Debug|Zune.Build.0 = Debug|Zune
		{8AC82B40-EA25-4DC4-A7A3-369D8E1C3F43}.Debug|Zune.Deploy.0 = Debug|Zune
		{8AC82B40-EA25-4DC4-A7A3-369D8E1C3F43}.Release|Any CPU.ActiveCfg = Release|Zune
		{8AC82B40-EA25-4DC4-A7A3-369D8E1C3F43}.Release|Mixed Platforms.ActiveCfg = Release|Zune
		{8AC82B40-EA25-4DC4-A7A3-369D8E1C3F43}.Release|Mixed Platforms.Build.0 = Release|Zune
		{8AC82B40-EA25-4DC4-A7A3-369D8E1C3F43}.Release|Mixed Platforms.Deploy.0 = Release|Zune
		{8AC82B40-EA25-4DC4-A7A3-369D8E1C3F43}.Release|x86.ActiveCfg = Release|Zune
		{8AC82B40-EA25-4DC4-A7A3-369D8E1C3F43}.Release|Xbox 360.ActiveCfg = Release|Zune
		{8AC82B40-EA25-4DC4-A7A3-369D8E1C3F43}.Release|Zune.ActiveCfg = Release|Zune
		{8AC82B40-EA25-4DC4-A7A3-369D8E1C3F43}.Release|Zune.Build.0 = Release|Zune
		{8AC82B40-EA25-4DC4-A7A3-369D8E1C3F43}.Release|Zune.Deploy.0 = Release|Zune
		{B5667A7B-0FD7-454E-B901-EEC1ADCFC393}.Debug|Any CPU.ActiveCfg = Debug|x86
		{B5667A7B-0FD7-454E-B901-EEC1ADCFC393}.Debug|Mixed Platforms.ActiveCfg = Debug|x86
		{B5667A7B-0FD7-454E-B901-EEC1ADCFC393}.Debug|x86.ActiveCfg = Debug|x86
		{B5667A7B-0FD7-454E-B901-EEC1ADCFC393}.Debug|Xbox 360.ActiveCfg = Debug|x86
		{B5667A7B-0FD7-454E-B901-EEC1ADCFC393}.Debug|Zune.ActiveCfg = Debug|x86
		{B5667A7B-0FD7-454E-B901-EEC1ADCFC393}.Release|Any CPU.ActiveCfg = Release|x86
		{B5667A7B-0FD7-454E-B901-EEC1ADCFC393}.Release|Mixed Platforms.ActiveCfg = Release|x86
		{B5667A7B-0FD7-454E-B901-EEC1ADCFC393}.Release|x86.ActiveCfg = Release|x86
		{B5667A7B-0FD7-454E-B901-EEC1ADCFC393}.Release|Xbox 360.ActiveCfg = Release|x86
		{B5667A7B-0FD7-454E-B901-EEC1ADCFC393}.Release|Zune.ActiveCfg = Release|x86
		{D721A4B9-7AF5-4984-8277-3770A9AC7014}.Debug|Any CPU.ActiveCfg = Debug|x86
		{D721A4B9-7AF5-4984-8277-3770A9AC7014}.Debug|Mixed Platforms.ActiveCfg = Debug|x86
		{D721A4B9-7AF5-4984-8277-3770A9AC7014}.Debug|x86.ActiveCfg = Debug|x86
		{D721A4B9-7AF5-4984-8277-3770A9AC7014}.Debug|Xbox 360.ActiveCfg = Debug|x86
		{D721A4B9-7AF5-4984-8277-3770A9AC7014}.Debug|Zune.ActiveCfg = Debug|x86
		{D721A4B9-7AF5-4984-8277-3770A9AC7014}.Release|Any CPU.ActiveCfg = Release|x86
		{D721A4B9-7AF5-4984-8277-3770A9AC7014}.Release|Mixed Platforms.ActiveCfg = Release|x86
		{D721A4B9-7AF5-4984-8277-3770A9AC7014}.Release|x86.ActiveCfg = Release|x86
		{D721A4B9-7AF5-4984-8277-3770A9AC7014}.Release|Xbox 360.ActiveCfg = Release|x86
		{D721A4B9-7AF5-4984-8277-3770A9AC7014}.Release|Zune.ActiveCfg = Release|x86
	EndGlobalSection
	GlobalSection(SolutionProperties) = preSolution
		HideSolutionNode = FALSE
	EndGlobalSection
	GlobalSection(NestedProjects) = preSolution
		{FAC8407A-A75A-44EC-8ADB-5D4E46372CF5} = {5A92BF55-75D9-42FE-9A3D-F44B77F2CF77}
		{961826DA-DCD8-4117-92D0-272E551B87F0} = {5A92BF55-75D9-42FE-9A3D-F44B77F2CF77}
	EndGlobalSection
EndGlobal
